
Microsoft Visual Studio Solution File, Format Version 12.00
# Visual Studio Version 16
VisualStudioVersion = 16.0.29728.190
MinimumVisualStudioVersion = 10.0.40219.1
Project("{FAE04EC0-301F-11D3-BF4B-00C04F79EFBC}") = "WebApp", "WebApp\WebApp.csproj", "{2851B86F-24E2-4B82-8253-385503F0A415}"
EndProject
Project("{FAE04EC0-301F-11D3-BF4B-00C04F79EFBC}") = "WebApp.Infrastructure", "WebApp.Infrastructure\WebApp.Infrastructure.csproj", "{EF32F671-5CE9-4F99-BAC8-DB9BE3836A97}"
EndProject
Project("{FAE04EC0-301F-11D3-BF4B-00C04F79EFBC}") = "WebApp.Utilities", "WebApp.Utilities\WebApp.Utilities.csproj", "{A4D904F7-5FD1-4CEB-826A-444F38330E57}"
EndProject
Project("{FAE04EC0-301F-11D3-BF4B-00C04F79EFBC}") = "WebApp.Data", "WebApp.Data\WebApp.Data.csproj", "{B08ECD5E-1E91-4064-8A24-E344A2EC31F3}"
EndProject
Project("{FAE04EC0-301F-11D3-BF4B-00C04F79EFBC}") = "WebApp.Application", "WebApp.Application\WebApp.Application.csproj", "{5088CC23-41E6-4C6F-95EF-ECBF91B14A59}"
EndProject
Project("{2150E333-8FDC-42A3-9474-1A3956D46DE8}") = "Infrastructure", "Infrastructure", "{11C557B0-162B-451A-B457-9C05DE4C1423}"
EndProject
Project("{2150E333-8FDC-42A3-9474-1A3956D46DE8}") = "Application", "Application", "{0AC9FAE9-0BFC-4CF9-AFDA-D04BB5F2F4AC}"
EndProject
Project("{2150E333-8FDC-42A3-9474-1A3956D46DE8}") = "Domain", "Domain", "{86436C2E-4078-4568-83A6-6AF842266366}"
EndProject
Project("{FAE04EC0-301F-11D3-BF4B-00C04F79EFBC}") = "WebApp.Data.EF", "WebApp.Data.EF\WebApp.Data.EF.csproj", "{442A4B1E-2D50-46D1-8F41-E470E9483B3C}"
EndProject
Global
	GlobalSection(SolutionConfigurationPlatforms) = preSolution
		Debug|Any CPU = Debug|Any CPU
		Release|Any CPU = Release|Any CPU
	EndGlobalSection
	GlobalSection(ProjectConfigurationPlatforms) = postSolution
		{2851B86F-24E2-4B82-8253-385503F0A415}.Debug|Any CPU.ActiveCfg = Debug|Any CPU
		{2851B86F-24E2-4B82-8253-385503F0A415}.Debug|Any CPU.Build.0 = Debug|Any CPU
		{2851B86F-24E2-4B82-8253-385503F0A415}.Release|Any CPU.ActiveCfg = Release|Any CPU
		{2851B86F-24E2-4B82-8253-385503F0A415}.Release|Any CPU.Build.0 = Release|Any CPU
		{EF32F671-5CE9-4F99-BAC8-DB9BE3836A97}.Debug|Any CPU.ActiveCfg = Debug|Any CPU
		{EF32F671-5CE9-4F99-BAC8-DB9BE3836A97}.Debug|Any CPU.Build.0 = Debug|Any CPU
		{EF32F671-5CE9-4F99-BAC8-DB9BE3836A97}.Release|Any CPU.ActiveCfg = Release|Any CPU
		{EF32F671-5CE9-4F99-BAC8-DB9BE3836A97}.Release|Any CPU.Build.0 = Release|Any CPU
		{A4D904F7-5FD1-4CEB-826A-444F38330E57}.Debug|Any CPU.ActiveCfg = Debug|Any CPU
		{A4D904F7-5FD1-4CEB-826A-444F38330E57}.Debug|Any CPU.Build.0 = Debug|Any CPU
		{A4D904F7-5FD1-4CEB-826A-444F38330E57}.Release|Any CPU.ActiveCfg = Release|Any CPU
		{A4D904F7-5FD1-4CEB-826A-444F38330E57}.Release|Any CPU.Build.0 = Release|Any CPU
		{B08ECD5E-1E91-4064-8A24-E344A2EC31F3}.Debug|Any CPU.ActiveCfg = Debug|Any CPU
		{B08ECD5E-1E91-4064-8A24-E344A2EC31F3}.Debug|Any CPU.Build.0 = Debug|Any CPU
		{B08ECD5E-1E91-4064-8A24-E344A2EC31F3}.Release|Any CPU.ActiveCfg = Release|Any CPU
		{B08ECD5E-1E91-4064-8A24-E344A2EC31F3}.Release|Any CPU.Build.0 = Release|Any CPU
		{5088CC23-41E6-4C6F-95EF-ECBF91B14A59}.Debug|Any CPU.ActiveCfg = Debug|Any CPU
		{5088CC23-41E6-4C6F-95EF-ECBF91B14A59}.Debug|Any CPU.Build.0 = Debug|Any CPU
		{5088CC23-41E6-4C6F-95EF-ECBF91B14A59}.Release|Any CPU.ActiveCfg = Release|Any CPU
		{5088CC23-41E6-4C6F-95EF-ECBF91B14A59}.Release|Any CPU.Build.0 = Release|Any CPU
		{442A4B1E-2D50-46D1-8F41-E470E9483B3C}.Debug|Any CPU.ActiveCfg = Debug|Any CPU
		{442A4B1E-2D50-46D1-8F41-E470E9483B3C}.Debug|Any CPU.Build.0 = Debug|Any CPU
		{442A4B1E-2D50-46D1-8F41-E470E9483B3C}.Release|Any CPU.ActiveCfg = Release|Any CPU
		{442A4B1E-2D50-46D1-8F41-E470E9483B3C}.Release|Any CPU.Build.0 = Release|Any CPU
	EndGlobalSection
	GlobalSection(SolutionProperties) = preSolution
		HideSolutionNode = FALSE
	EndGlobalSection
	GlobalSection(NestedProjects) = preSolution
		{EF32F671-5CE9-4F99-BAC8-DB9BE3836A97} = {11C557B0-162B-451A-B457-9C05DE4C1423}
		{A4D904F7-5FD1-4CEB-826A-444F38330E57} = {11C557B0-162B-451A-B457-9C05DE4C1423}
		{B08ECD5E-1E91-4064-8A24-E344A2EC31F3} = {86436C2E-4078-4568-83A6-6AF842266366}
		{5088CC23-41E6-4C6F-95EF-ECBF91B14A59} = {0AC9FAE9-0BFC-4CF9-AFDA-D04BB5F2F4AC}
		{442A4B1E-2D50-46D1-8F41-E470E9483B3C} = {86436C2E-4078-4568-83A6-6AF842266366}
	EndGlobalSection
	GlobalSection(ExtensibilityGlobals) = postSolution
		SolutionGuid = {6A849B23-FEBB-49B3-A7AF-F20DA8BF3B63}
	EndGlobalSection
EndGlobal
